{
  "name": "html",
  "version": "1.0.0",
  "lockfileVersion": 1,
  "requires": true,
  "dependencies": {
    "@mdi/font": {
      "version": "4.3.95",
      "resolved": "https://registry.npmjs.org/@mdi/font/-/font-4.3.95.tgz",
      "integrity": "sha512-J5l+3bQLBGwYA8EVeazA+YgNTIBpfRgviti8Jyjk2yMAiRDVNlafFbv1j1xlttFLMigXoxZ9J7plyfOYAuyjGA=="
    },
    "bootstrap": {
      "version": "4.3.1",
      "resolved": "https://registry.npmjs.org/bootstrap/-/bootstrap-4.3.1.tgz",
      "integrity": "sha512-rXqOmH1VilAt2DyPzluTi2blhk17bO7ef+zLLPlWvG494pDxcM234pJ8wTc/6R40UWizAIIMgxjvxZg5kmsbag=="
    }
  }
}
